{
  "nodes": {
    "nixpkgs": {
      "locked": {
        "lastModified": 1770843696,
        "narHash": "sha256-LovWTGDwXhkfCOmbgLVA10bvsi/P8eDDpRudgk68HA8=",
        "owner": "NixOS",
        "repo": "nixpkgs",
        "rev": "2343bbb58f99267223bc2aac4fc9ea301a155a16",
        "type": "github"
      },
      "original": {
        "owner": "NixOS",
        "ref": "nixpkgs-unstable",
        "repo": "nixpkgs",
        "type": "github"
      }
    },
    "plugins-lze": {
      "flake": false,
      "locked": {
        "lastModified": 1770530412,
        "narHash": "sha256-QBxZmBu6K+HRrIf381/0eNSVK93OCA0Rn1blx0Vqyng=",
        "owner": "BirdeeHub",
        "repo": "lze",
        "rev": "7276233f8fbe883e0a3b2164a836a2b292883a1c",
        "type": "github"
      },
      "original": {
        "owner": "BirdeeHub",
        "repo": "lze",
        "type": "github"
      }
    },
    "plugins-lzextras": {
      "flake": false,
      "locked": {
        "lastModified": 1770530361,
        "narHash": "sha256-Jdg7e8VsJxx3/x6TJlnGrHtno17L5AAiUewOGjf1GGE=",
        "owner": "BirdeeHub",
        "repo": "lzextras",
        "rev": "5abb946ece1b7710761e78588466620acd3be257",
        "type": "github"
      },
      "original": {
        "owner": "BirdeeHub",
        "repo": "lzextras",
        "type": "github"
      }
    },
    "root": {
      "inputs": {
        "nixpkgs": "nixpkgs",
        "plugins-lze": "plugins-lze",
        "plugins-lzextras": "plugins-lzextras",
        "wrappers": "wrappers"
      }
    },
    "wrappers": {
      "inputs": {
        "nixpkgs": [
          "nixpkgs"
        ]
      },
      "locked": {
        "lastModified": 1771123018,
        "narHash": "sha256-nS0rtVrnxLAKDQU0B0opDxBMSSfFnCV4vSUDNPLh2iw=",
        "owner": "BirdeeHub",
        "repo": "nix-wrapper-modules",
        "rev": "4e969a45484ec2a129090c9764899ba6717dd36e",
        "type": "github"
      },
      "original": {
        "owner": "BirdeeHub",
        "repo": "nix-wrapper-modules",
        "type": "github"
      }
    }
  },
  "root": "root",
  "version": 7
}
