{
  "nodes": {
    "nixpkgs": {
      "locked": {
        "lastModified": 1786711500,
        "narHash": "sha256-QvnceIGTBeDvDd9oCn+GvdsnkquliuwbVgpiRH68qaQ=",
        "owner": "nixos",
        "repo": "nixpkgs",
        "rev": "02e08985a27c65ffd33d434eeb2e660a2e4dc84d",
        "type": "github"
      },
      "original": {
        "owner": "nixos",
        "ref": "nixos-26.05",
        "repo": "nixpkgs",
        "type": "github"
      }
    },
    "plugins-fugitive-azure-devops": {
      "flake": false,
      "locked": {
        "lastModified": 1697778554,
        "narHash": "sha256-tNQ76I7JTqY57v4iakUQV1oxtQFjmyIgCWI0sVlY43c=",
        "owner": "cedarbaum",
        "repo": "fugitive-azure-devops.vim",
        "rev": "f5fc65a35a08662f8f3b1df457cc37597004f43a",
        "type": "github"
      },
      "original": {
        "owner": "cedarbaum",
        "repo": "fugitive-azure-devops.vim",
        "type": "github"
      }
    },
    "plugins-lze": {
      "flake": false,
      "locked": {
        "lastModified": 1782136817,
        "narHash": "sha256-7RNUVDWU13E0LGv3QVfC/Qmz/gA564FKfpv6PxYn75M=",
        "owner": "BirdeeHub",
        "repo": "lze",
        "rev": "ae45b9f1fd923955a5ebc733b920e23f0c105ae1",
        "type": "github"
      },
      "original": {
        "owner": "BirdeeHub",
        "repo": "lze",
        "type": "github"
      }
    },
    "plugins-lzextras": {
      "flake": false,
      "locked": {
        "lastModified": 1782220927,
        "narHash": "sha256-9hoMQoor4SjQ8+2eH33YQkoEfSXc+kKjRdTRCJYxL+M=",
        "owner": "BirdeeHub",
        "repo": "lzextras",
        "rev": "0dd4ed15331b6eaf4b6304d4e0db32ccb043b76e",
        "type": "github"
      },
      "original": {
        "owner": "BirdeeHub",
        "repo": "lzextras",
        "type": "github"
      }
    },
    "root": {
      "inputs": {
        "nixpkgs": "nixpkgs",
        "plugins-fugitive-azure-devops": "plugins-fugitive-azure-devops",
        "plugins-lze": "plugins-lze",
        "plugins-lzextras": "plugins-lzextras",
        "wrappers": "wrappers"
      }
    },
    "wrappers": {
      "inputs": {
        "nixpkgs": [
          "nixpkgs"
        ]
      },
      "locked": {
        "lastModified": 1782135443,
        "narHash": "sha256-vAmbArdCyjqpVW+37aCy/PMBOLIqukUXLQuEKLwUhA4=",
        "owner": "BirdeeHub",
        "repo": "nix-wrapper-modules",
        "rev": "6e7f66fa2cdf4d63162580b438f7fcf87c28a46f",
        "type": "github"
      },
      "original": {
        "owner": "BirdeeHub",
        "repo": "nix-wrapper-modules",
        "type": "github"
      }
    }
  },
  "root": "root",
  "version": 7
}
