{
  "nodes": {
    "nixpkgs": {
      "locked": {
        "lastModified": 1785975029,
        "narHash": "sha256-X44cn5rzytELc3NNoQsh0aLkjWA/QzPfc6HPQmsG3sU=",
        "owner": "NixOS",
        "repo": "nixpkgs",
        "rev": "70ce234312134a463ba7728e94da2486a1d237ac",
        "type": "github"
      },
      "original": {
        "owner": "NixOS",
        "ref": "nixpkgs-unstable",
        "repo": "nixpkgs",
        "type": "github"
      }
    },
    "plugins-lze": {
      "flake": false,
      "locked": {
        "lastModified": 1782136817,
        "narHash": "sha256-7RNUVDWU13E0LGv3QVfC/Qmz/gA564FKfpv6PxYn75M=",
        "owner": "BirdeeHub",
        "repo": "lze",
        "rev": "ae45b9f1fd923955a5ebc733b920e23f0c105ae1",
        "type": "github"
      },
      "original": {
        "owner": "BirdeeHub",
        "repo": "lze",
        "type": "github"
      }
    },
    "plugins-lzextras": {
      "flake": false,
      "locked": {
        "lastModified": 1782220927,
        "narHash": "sha256-9hoMQoor4SjQ8+2eH33YQkoEfSXc+kKjRdTRCJYxL+M=",
        "owner": "BirdeeHub",
        "repo": "lzextras",
        "rev": "0dd4ed15331b6eaf4b6304d4e0db32ccb043b76e",
        "type": "github"
      },
      "original": {
        "owner": "BirdeeHub",
        "repo": "lzextras",
        "type": "github"
      }
    },
    "root": {
      "inputs": {
        "nixpkgs": "nixpkgs",
        "plugins-lze": "plugins-lze",
        "plugins-lzextras": "plugins-lzextras",
        "wrappers": "wrappers"
      }
    },
    "wrappers": {
      "inputs": {
        "nixpkgs": [
          "nixpkgs"
        ]
      },
      "locked": {
        "lastModified": 1782135443,
        "narHash": "sha256-vAmbArdCyjqpVW+37aCy/PMBOLIqukUXLQuEKLwUhA4=",
        "owner": "BirdeeHub",
        "repo": "nix-wrapper-modules",
        "rev": "6e7f66fa2cdf4d63162580b438f7fcf87c28a46f",
        "type": "github"
      },
      "original": {
        "owner": "BirdeeHub",
        "repo": "nix-wrapper-modules",
        "type": "github"
      }
    }
  },
  "root": "root",
  "version": 7
}
